
Microsoft Visual Studio Solution File, Format Version 12.00
# Visual Studio Version 16
VisualStudioVersion = 16.0.30611.23
MinimumVisualStudioVersion = 10.0.40219.1
Project("{FAE04EC0-301F-11D3-BF4B-00C04F79EFBC}") = "FaktoriyelOdev", "FaktoriyelOdev\FaktoriyelOdev.csproj", "{179E8DAE-671C-41F1-A9F0-E2DA6AD200DF}"
EndProject
Global
	GlobalSection(SolutionConfigurationPlatforms) = preSolution
		Debug|Any CPU = Debug|Any CPU
		Release|Any CPU = Release|Any CPU
	EndGlobalSection
	GlobalSection(ProjectConfigurationPlatforms) = postSolution
		{179E8DAE-671C-41F1-A9F0-E2DA6AD200DF}.Debug|Any CPU.ActiveCfg = Debug|Any CPU
		{179E8DAE-671C-41F1-A9F0-E2DA6AD200DF}.Debug|Any CPU.Build.0 = Debug|Any CPU
		{179E8DAE-671C-41F1-A9F0-E2DA6AD200DF}.Release|Any CPU.ActiveCfg = Release|Any CPU
		{179E8DAE-671C-41F1-A9F0-E2DA6AD200DF}.Release|Any CPU.Build.0 = Release|Any CPU
	EndGlobalSection
	GlobalSection(SolutionProperties) = preSolution
		HideSolutionNode = FALSE
	EndGlobalSection
	GlobalSection(ExtensibilityGlobals) = postSolution
		SolutionGuid = {3E16E5A3-BC69-481C-81F0-A8B20B16C42F}
	EndGlobalSection
EndGlobal
